
Microsoft Visual Studio Solution File, Format Version 12.00
# Visual Studio Version 17
VisualStudioVersion = 17.5.33516.290
MinimumVisualStudioVersion = 10.0.40219.1
Project("{888888A0-9F3D-457C-B088-3A5042F75D52}") = "xdddd", "xdddd\xdddd.pyproj", "{F4934D66-8790-441D-9230-58EAD467D2D2}"
EndProject
Global
	GlobalSection(SolutionConfigurationPlatforms) = preSolution
		Debug|Any CPU = Debug|Any CPU
		Release|Any CPU = Release|Any CPU
	EndGlobalSection
	GlobalSection(ProjectConfigurationPlatforms) = postSolution
		{F4934D66-8790-441D-9230-58EAD467D2D2}.Debug|Any CPU.ActiveCfg = Debug|Any CPU
		{F4934D66-8790-441D-9230-58EAD467D2D2}.Release|Any CPU.ActiveCfg = Release|Any CPU
	EndGlobalSection
	GlobalSection(SolutionProperties) = preSolution
		HideSolutionNode = FALSE
	EndGlobalSection
	GlobalSection(ExtensibilityGlobals) = postSolution
		SolutionGuid = {320A9E28-3469-47E7-BA91-149C10C3287F}
	EndGlobalSection
EndGlobal
